
Microsoft Visual Studio Solution File, Format Version 12.00
# Visual Studio Version 17
VisualStudioVersion = 17.13.35825.156
MinimumVisualStudioVersion = 10.0.40219.1
Project("{FAE04EC0-301F-11D3-BF4B-00C04F79EFBC}") = "GofishApi", "GofishApi\GofishApi.csproj", "{77654D40-3FF6-42AF-98BB-FF6A61EFEDCC}"
EndProject
Project("{FAE04EC0-301F-11D3-BF4B-00C04F79EFBC}") = "GofishApi.Tests", "GofishApi.Tests\GofishApi.Tests.csproj", "{CDA40759-40E9-4CE0-AA47-155E0E6BED87}"
EndProject
Global
	GlobalSection(SolutionConfigurationPlatforms) = preSolution
		Debug|Any CPU = Debug|Any CPU
		Release|Any CPU = Release|Any CPU
	EndGlobalSection
	GlobalSection(ProjectConfigurationPlatforms) = postSolution
		{77654D40-3FF6-42AF-98BB-FF6A61EFEDCC}.Debug|Any CPU.ActiveCfg = Debug|Any CPU
		{77654D40-3FF6-42AF-98BB-FF6A61EFEDCC}.Debug|Any CPU.Build.0 = Debug|Any CPU
		{77654D40-3FF6-42AF-98BB-FF6A61EFEDCC}.Release|Any CPU.ActiveCfg = Release|Any CPU
		{77654D40-3FF6-42AF-98BB-FF6A61EFEDCC}.Release|Any CPU.Build.0 = Release|Any CPU
		{CDA40759-40E9-4CE0-AA47-155E0E6BED87}.Debug|Any CPU.ActiveCfg = Debug|Any CPU
		{CDA40759-40E9-4CE0-AA47-155E0E6BED87}.Release|Any CPU.ActiveCfg = Release|Any CPU
		{CDA40759-40E9-4CE0-AA47-155E0E6BED87}.Release|Any CPU.Build.0 = Release|Any CPU
	EndGlobalSection
	GlobalSection(SolutionProperties) = preSolution
		HideSolutionNode = FALSE
	EndGlobalSection
	GlobalSection(ExtensibilityGlobals) = postSolution
		SolutionGuid = {7C5A88B4-25DF-44F7-A92B-3A88052719B3}
	EndGlobalSection
EndGlobal
